
Microsoft Visual Studio Solution File, Format Version 12.00
# Visual Studio 14
VisualStudioVersion = 14.0.25123.0
MinimumVisualStudioVersion = 10.0.40219.1
Project("{E24C65DC-7377-472B-9ABA-BC803B73C61A}") = "breeze.js", ".", "{E92FD114-479F-4C69-8E37-A3D07436288A}"
	ProjectSection(WebsiteProperties) = preProject
		TargetFrameworkMoniker = ".NETFramework,Version%3Dv4.0"
		Debug.AspNetCompiler.VirtualPath = "/localhost_3389"
		Debug.AspNetCompiler.PhysicalPath = "..\breeze.js\"
		Debug.AspNetCompiler.TargetPath = "PrecompiledWeb\localhost_3389\"
		Debug.AspNetCompiler.Updateable = "true"
		Debug.AspNetCompiler.ForceOverwrite = "true"
		Debug.AspNetCompiler.FixedNames = "false"
		Debug.AspNetCompiler.Debug = "True"
		Release.AspNetCompiler.VirtualPath = "/localhost_3389"
		Release.AspNetCompiler.PhysicalPath = "..\breeze.js\"
		Release.AspNetCompiler.TargetPath = "PrecompiledWeb\localhost_3389\"
		Release.AspNetCompiler.Updateable = "true"
		Release.AspNetCompiler.ForceOverwrite = "true"
		Release.AspNetCompiler.FixedNames = "false"
		Release.AspNetCompiler.Debug = "False"
		VWDPort = "3389"
		SlnRelativePath = "..\breeze.js\"
	EndProjectSection
EndProject
Global
	GlobalSection(SolutionConfigurationPlatforms) = preSolution
		Debug|Any CPU = Debug|Any CPU
	EndGlobalSection
	GlobalSection(ProjectConfigurationPlatforms) = postSolution
		{E92FD114-479F-4C69-8E37-A3D07436288A}.Debug|Any CPU.ActiveCfg = Debug|Any CPU
		{E92FD114-479F-4C69-8E37-A3D07436288A}.Debug|Any CPU.Build.0 = Debug|Any CPU
	EndGlobalSection
	GlobalSection(SolutionProperties) = preSolution
		HideSolutionNode = FALSE
	EndGlobalSection
EndGlobal
